// !$*UTF8*$!
{
	archiveVersion = 1;
	classes = {
	};
	objectVersion = 56;
	objects = {

/* Begin PBXBuildFile section */
		3847836B2AFBED9C00D2C231 /* AppDelegate.swift in Sources */ = {isa = PBXBuildFile; fileRef = 3847836A2AFBED9C00D2C231 /* AppDelegate.swift */; };
		384783752AFBED9C00D2C231 /* FruitOrderApp.xcdatamodeld in Sources */ = {isa = PBXBuildFile; fileRef = 384783732AFBED9C00D2C231 /* FruitOrderApp.xcdatamodeld */; };
		384783772AFBED9D00D2C231 /* Assets.xcassets in Resources */ = {isa = PBXBuildFile; fileRef = 384783762AFBED9D00D2C231 /* Assets.xcassets */; };
		384783822AFBEE2100D2C231 /* FirstViewController.swift in Sources */ = {isa = PBXBuildFile; fileRef = 384783812AFBEE2100D2C231 /* FirstViewController.swift */; };
		384783842AFD7C0600D2C231 /* Extensions.swift in Sources */ = {isa = PBXBuildFile; fileRef = 384783832AFD7C0600D2C231 /* Extensions.swift */; };
		384783862AFD7FE500D2C231 /* FirstView.swift in Sources */ = {isa = PBXBuildFile; fileRef = 384783852AFD7FE500D2C231 /* FirstView.swift */; };
		384783882AFD9A1B00D2C231 /* LoginViewController.swift in Sources */ = {isa = PBXBuildFile; fileRef = 384783872AFD9A1B00D2C231 /* LoginViewController.swift */; };
		3847838A2AFD9A8200D2C231 /* LoginView.swift in Sources */ = {isa = PBXBuildFile; fileRef = 384783892AFD9A8200D2C231 /* LoginView.swift */; };
		3847838C2AFD9A9400D2C231 /* RegisterViewController.swift in Sources */ = {isa = PBXBuildFile; fileRef = 3847838B2AFD9A9400D2C231 /* RegisterViewController.swift */; };
		3847838E2AFD9AB400D2C231 /* RegisterView.swift in Sources */ = {isa = PBXBuildFile; fileRef = 3847838D2AFD9AB400D2C231 /* RegisterView.swift */; };
		384783942AFE7EFB00D2C231 /* SnapKit in Frameworks */ = {isa = PBXBuildFile; productRef = 384783932AFE7EFB00D2C231 /* SnapKit */; };
		384783962AFE7EFB00D2C231 /* SnapKit-Dynamic in Frameworks */ = {isa = PBXBuildFile; productRef = 384783952AFE7EFB00D2C231 /* SnapKit-Dynamic */; };
		384783982B0026DE00D2C231 /* DataManager.swift in Sources */ = {isa = PBXBuildFile; fileRef = 384783972B0026DE00D2C231 /* DataManager.swift */; };
		3847839A2B01067D00D2C231 /* FileManagerHelper.swift in Sources */ = {isa = PBXBuildFile; fileRef = 384783992B01067D00D2C231 /* FileManagerHelper.swift */; };
		3847839C2B0109A500D2C231 /* HomeViewController.swift in Sources */ = {isa = PBXBuildFile; fileRef = 3847839B2B0109A500D2C231 /* HomeViewController.swift */; };
		3847839E2B016A5300D2C231 /* FruitCell.swift in Sources */ = {isa = PBXBuildFile; fileRef = 3847839D2B016A5300D2C231 /* FruitCell.swift */; };
		384783A02B016C3000D2C231 /* Fruit.json in Resources */ = {isa = PBXBuildFile; fileRef = 3847839F2B016C3000D2C231 /* Fruit.json */; };
		384783A22B01705600D2C231 /* JsonParser.swift in Sources */ = {isa = PBXBuildFile; fileRef = 384783A12B01705600D2C231 /* JsonParser.swift */; };
		384783A62B0517CE00D2C231 /* ProfileViewController.swift in Sources */ = {isa = PBXBuildFile; fileRef = 384783A52B0517CE00D2C231 /* ProfileViewController.swift */; };
		384783A82B0518D000D2C231 /* BasketViewController.swift in Sources */ = {isa = PBXBuildFile; fileRef = 384783A72B0518D000D2C231 /* BasketViewController.swift */; };
		384783AA2B0519DD00D2C231 /* TabViewController.swift in Sources */ = {isa = PBXBuildFile; fileRef = 384783A92B0519DD00D2C231 /* TabViewController.swift */; };
		384783AC2B051D2C00D2C231 /* HomeViewModel.swift in Sources */ = {isa = PBXBuildFile; fileRef = 384783AB2B051D2C00D2C231 /* HomeViewModel.swift */; };
		384783AE2B06D90800D2C231 /* CustomHeaderView.swift in Sources */ = {isa = PBXBuildFile; fileRef = 384783AD2B06D90800D2C231 /* CustomHeaderView.swift */; };
		384783BB2B0962F100D2C231 /* SelectedFruit+CoreDataClass.swift in Sources */ = {isa = PBXBuildFile; fileRef = 384783B92B0962F100D2C231 /* SelectedFruit+CoreDataClass.swift */; };
		384783BC2B0962F100D2C231 /* SelectedFruit+CoreDataProperties.swift in Sources */ = {isa = PBXBuildFile; fileRef = 384783BA2B0962F100D2C231 /* SelectedFruit+CoreDataProperties.swift */; };
		384783C02B0977F400D2C231 /* CoreDataModel.swift in Sources */ = {isa = PBXBuildFile; fileRef = 384783BF2B0977F400D2C231 /* CoreDataModel.swift */; };
		384783C22B097FA300D2C231 /* BasketCell.swift in Sources */ = {isa = PBXBuildFile; fileRef = 384783C12B097FA300D2C231 /* BasketCell.swift */; };
		384783C42B0AB54700D2C231 /* PurchaseController.swift in Sources */ = {isa = PBXBuildFile; fileRef = 384783C32B0AB54700D2C231 /* PurchaseController.swift */; };
		384783C62B0AC72D00D2C231 /* ResultController.swift in Sources */ = {isa = PBXBuildFile; fileRef = 384783C52B0AC72D00D2C231 /* ResultController.swift */; };
		384783CA2B0B6B3F00D2C231 /* ItemViewController.swift in Sources */ = {isa = PBXBuildFile; fileRef = 384783C92B0B6B3F00D2C231 /* ItemViewController.swift */; };
		384783CC2B0B745C00D2C231 /* ItemViewModel.swift in Sources */ = {isa = PBXBuildFile; fileRef = 384783CB2B0B745C00D2C231 /* ItemViewModel.swift */; };
		38828D962B0D4971005EB276 /* PurchaseView.swift in Sources */ = {isa = PBXBuildFile; fileRef = 38828D952B0D4971005EB276 /* PurchaseView.swift */; };
		38828D9C2B0D5E0B005EB276 /* Lottie in Frameworks */ = {isa = PBXBuildFile; productRef = 38828D9B2B0D5E0B005EB276 /* Lottie */; };
		38828D9E2B0D69B3005EB276 /* Animation.json in Resources */ = {isa = PBXBuildFile; fileRef = 38828D9D2B0D69B3005EB276 /* Animation.json */; };
		59FDA21F71B41F66A8BF29B0 /* Pods_FruitOrderApp.framework in Frameworks */ = {isa = PBXBuildFile; fileRef = 27EC1EAF3B7D1684B60C369B /* Pods_FruitOrderApp.framework */; };
/* End PBXBuildFile section */

/* Begin PBXFileReference section */
		27EC1EAF3B7D1684B60C369B /* Pods_FruitOrderApp.framework */ = {isa = PBXFileReference; explicitFileType = wrapper.framework; includeInIndex = 0; path = Pods_FruitOrderApp.framework; sourceTree = BUILT_PRODUCTS_DIR; };
		3801321441B7CE439268A0B4 /* Pods-FruitOrderApp.release.xcconfig */ = {isa = PBXFileReference; includeInIndex = 1; lastKnownFileType = text.xcconfig; name = "Pods-FruitOrderApp.release.xcconfig"; path = "Target Support Files/Pods-FruitOrderApp/Pods-FruitOrderApp.release.xcconfig"; sourceTree = "<group>"; };
		384783672AFBED9C00D2C231 /* FruitOrderApp.app */ = {isa = PBXFileReference; explicitFileType = wrapper.application; includeInIndex = 0; path = FruitOrderApp.app; sourceTree = BUILT_PRODUCTS_DIR; };
		3847836A2AFBED9C00D2C231 /* AppDelegate.swift */ = {isa = PBXFileReference; lastKnownFileType = sourcecode.swift; path = AppDelegate.swift; sourceTree = "<group>"; };
		384783742AFBED9C00D2C231 /* FruitOrderApp.xcdatamodel */ = {isa = PBXFileReference; lastKnownFileType = wrapper.xcdatamodel; path = FruitOrderApp.xcdatamodel; sourceTree = "<group>"; };
		384783762AFBED9D00D2C231 /* Assets.xcassets */ = {isa = PBXFileReference; lastKnownFileType = folder.assetcatalog; path = Assets.xcassets; sourceTree = "<group>"; };
		3847837B2AFBED9D00D2C231 /* Info.plist */ = {isa = PBXFileReference; lastKnownFileType = text.plist.xml; path = Info.plist; sourceTree = "<group>"; };
		384783812AFBEE2100D2C231 /* FirstViewController.swift */ = {isa = PBXFileReference; lastKnownFileType = sourcecode.swift; path = FirstViewController.swift; sourceTree = "<group>"; };
		384783832AFD7C0600D2C231 /* Extensions.swift */ = {isa = PBXFileReference; lastKnownFileType = sourcecode.swift; path = Extensions.swift; sourceTree = "<group>"; };
		384783852AFD7FE500D2C231 /* FirstView.swift */ = {isa = PBXFileReference; lastKnownFileType = sourcecode.swift; path = FirstView.swift; sourceTree = "<group>"; };
		384783872AFD9A1B00D2C231 /* LoginViewController.swift */ = {isa = PBXFileReference; lastKnownFileType = sourcecode.swift; path = LoginViewController.swift; sourceTree = "<group>"; };
		384783892AFD9A8200D2C231 /* LoginView.swift */ = {isa = PBXFileReference; lastKnownFileType = sourcecode.swift; path = LoginView.swift; sourceTree = "<group>"; };
		3847838B2AFD9A9400D2C231 /* RegisterViewController.swift */ = {isa = PBXFileReference; lastKnownFileType = sourcecode.swift; path = RegisterViewController.swift; sourceTree = "<group>"; };
		3847838D2AFD9AB400D2C231 /* RegisterView.swift */ = {isa = PBXFileReference; lastKnownFileType = sourcecode.swift; path = RegisterView.swift; sourceTree = "<group>"; };
		384783972B0026DE00D2C231 /* DataManager.swift */ = {isa = PBXFileReference; lastKnownFileType = sourcecode.swift; path = DataManager.swift; sourceTree = "<group>"; };
		384783992B01067D00D2C231 /* FileManagerHelper.swift */ = {isa = PBXFileReference; lastKnownFileType = sourcecode.swift; path = FileManagerHelper.swift; sourceTree = "<group>"; };
		3847839B2B0109A500D2C231 /* HomeViewController.swift */ = {isa = PBXFileReference; lastKnownFileType = sourcecode.swift; path = HomeViewController.swift; sourceTree = "<group>"; };
		3847839D2B016A5300D2C231 /* FruitCell.swift */ = {isa = PBXFileReference; lastKnownFileType = sourcecode.swift; path = FruitCell.swift; sourceTree = "<group>"; };
		3847839F2B016C3000D2C231 /* Fruit.json */ = {isa = PBXFileReference; lastKnownFileType = text.json; path = Fruit.json; sourceTree = "<group>"; };
		384783A12B01705600D2C231 /* JsonParser.swift */ = {isa = PBXFileReference; lastKnownFileType = sourcecode.swift; path = JsonParser.swift; sourceTree = "<group>"; };
		384783A52B0517CE00D2C231 /* ProfileViewController.swift */ = {isa = PBXFileReference; lastKnownFileType = sourcecode.swift; path = ProfileViewController.swift; sourceTree = "<group>"; };
		384783A72B0518D000D2C231 /* BasketViewController.swift */ = {isa = PBXFileReference; lastKnownFileType = sourcecode.swift; path = BasketViewController.swift; sourceTree = "<group>"; };
		384783A92B0519DD00D2C231 /* TabViewController.swift */ = {isa = PBXFileReference; lastKnownFileType = sourcecode.swift; path = TabViewController.swift; sourceTree = "<group>"; };
		384783AB2B051D2C00D2C231 /* HomeViewModel.swift */ = {isa = PBXFileReference; lastKnownFileType = sourcecode.swift; path = HomeViewModel.swift; sourceTree = "<group>"; };
		384783AD2B06D90800D2C231 /* CustomHeaderView.swift */ = {isa = PBXFileReference; lastKnownFileType = sourcecode.swift; path = CustomHeaderView.swift; sourceTree = "<group>"; };
		384783B92B0962F100D2C231 /* SelectedFruit+CoreDataClass.swift */ = {isa = PBXFileReference; lastKnownFileType = sourcecode.swift; path = "SelectedFruit+CoreDataClass.swift"; sourceTree = "<group>"; };
		384783BA2B0962F100D2C231 /* SelectedFruit+CoreDataProperties.swift */ = {isa = PBXFileReference; lastKnownFileType = sourcecode.swift; path = "SelectedFruit+CoreDataProperties.swift"; sourceTree = "<group>"; };
		384783BF2B0977F400D2C231 /* CoreDataModel.swift */ = {isa = PBXFileReference; lastKnownFileType = sourcecode.swift; path = CoreDataModel.swift; sourceTree = "<group>"; };
		384783C12B097FA300D2C231 /* BasketCell.swift */ = {isa = PBXFileReference; lastKnownFileType = sourcecode.swift; path = BasketCell.swift; sourceTree = "<group>"; };
		384783C32B0AB54700D2C231 /* PurchaseController.swift */ = {isa = PBXFileReference; lastKnownFileType = sourcecode.swift; path = PurchaseController.swift; sourceTree = "<group>"; };
		384783C52B0AC72D00D2C231 /* ResultController.swift */ = {isa = PBXFileReference; lastKnownFileType = sourcecode.swift; path = ResultController.swift; sourceTree = "<group>"; };
		384783C92B0B6B3F00D2C231 /* ItemViewController.swift */ = {isa = PBXFileReference; lastKnownFileType = sourcecode.swift; path = ItemViewController.swift; sourceTree = "<group>"; };
		384783CB2B0B745C00D2C231 /* ItemViewModel.swift */ = {isa = PBXFileReference; lastKnownFileType = sourcecode.swift; path = ItemViewModel.swift; sourceTree = "<group>"; };
		38828D952B0D4971005EB276 /* PurchaseView.swift */ = {isa = PBXFileReference; lastKnownFileType = sourcecode.swift; path = PurchaseView.swift; sourceTree = "<group>"; };
		38828D9D2B0D69B3005EB276 /* Animation.json */ = {isa = PBXFileReference; fileEncoding = 4; lastKnownFileType = text.json; path = Animation.json; sourceTree = "<group>"; };
		9DF06B4AD6794FA2D39D41F9 /* Pods-FruitOrderApp.debug.xcconfig */ = {isa = PBXFileReference; includeInIndex = 1; lastKnownFileType = text.xcconfig; name = "Pods-FruitOrderApp.debug.xcconfig"; path = "Target Support Files/Pods-FruitOrderApp/Pods-FruitOrderApp.debug.xcconfig"; sourceTree = "<group>"; };
/* End PBXFileReference section */

/* Begin PBXFrameworksBuildPhase section */
		384783642AFBED9C00D2C231 /* Frameworks */ = {
			isa = PBXFrameworksBuildPhase;
			buildActionMask = 2147483647;
			files = (
				384783942AFE7EFB00D2C231 /* SnapKit in Frameworks */,
				384783962AFE7EFB00D2C231 /* SnapKit-Dynamic in Frameworks */,
				38828D9C2B0D5E0B005EB276 /* Lottie in Frameworks */,
				59FDA21F71B41F66A8BF29B0 /* Pods_FruitOrderApp.framework in Frameworks */,
			);
			runOnlyForDeploymentPostprocessing = 0;
		};
/* End PBXFrameworksBuildPhase section */

/* Begin PBXGroup section */
		3847835E2AFBED9C00D2C231 = {
			isa = PBXGroup;
			children = (
				384783692AFBED9C00D2C231 /* FruitOrderApp */,
				384783682AFBED9C00D2C231 /* Products */,
				B67366E905244CEEA5F7C66B /* Pods */,
				8260E27560CF462FEE398F25 /* Frameworks */,
			);
			sourceTree = "<group>";
		};
		384783682AFBED9C00D2C231 /* Products */ = {
			isa = PBXGroup;
			children = (
				384783672AFBED9C00D2C231 /* FruitOrderApp.app */,
			);
			name = Products;
			sourceTree = "<group>";
		};
		384783692AFBED9C00D2C231 /* FruitOrderApp */ = {
			isa = PBXGroup;
			children = (
				3847836A2AFBED9C00D2C231 /* AppDelegate.swift */,
				3847838F2AFD9B9700D2C231 /* Model */,
				384783912AFD9CD700D2C231 /* View */,
				384783902AFD9CC000D2C231 /* ViewModel */,
				384783762AFBED9D00D2C231 /* Assets.xcassets */,
				3847837B2AFBED9D00D2C231 /* Info.plist */,
				384783732AFBED9C00D2C231 /* FruitOrderApp.xcdatamodeld */,
				384783B92B0962F100D2C231 /* SelectedFruit+CoreDataClass.swift */,
				384783BA2B0962F100D2C231 /* SelectedFruit+CoreDataProperties.swift */,
				38828D9D2B0D69B3005EB276 /* Animation.json */,
				3847839F2B016C3000D2C231 /* Fruit.json */,
			);
			path = FruitOrderApp;
			sourceTree = "<group>";
		};
		3847838F2AFD9B9700D2C231 /* Model */ = {
			isa = PBXGroup;
			children = (
				384783832AFD7C0600D2C231 /* Extensions.swift */,
				384783972B0026DE00D2C231 /* DataManager.swift */,
				384783992B01067D00D2C231 /* FileManagerHelper.swift */,
				384783A12B01705600D2C231 /* JsonParser.swift */,
				384783BF2B0977F400D2C231 /* CoreDataModel.swift */,
			);
			path = Model;
			sourceTree = "<group>";
		};
		384783902AFD9CC000D2C231 /* ViewModel */ = {
			isa = PBXGroup;
			children = (
				384783CB2B0B745C00D2C231 /* ItemViewModel.swift */,
				384783AB2B051D2C00D2C231 /* HomeViewModel.swift */,
			);
			path = ViewModel;
			sourceTree = "<group>";
		};
		384783912AFD9CD700D2C231 /* View */ = {
			isa = PBXGroup;
			children = (
				38828D902B0D4827005EB276 /* FirstScreen */,
				38828D912B0D483E005EB276 /* LoginScreen */,
				38828D922B0D4855005EB276 /* RegisterScreen */,
				38828D932B0D4879005EB276 /* HomeScreen */,
				38828D942B0D4891005EB276 /* BasketScreen */,
				38828D972B0D4A53005EB276 /* PurchaseScreen */,
				384783A92B0519DD00D2C231 /* TabViewController.swift */,
				384783A52B0517CE00D2C231 /* ProfileViewController.swift */,
				384783C92B0B6B3F00D2C231 /* ItemViewController.swift */,
			);
			path = View;
			sourceTree = "<group>";
		};
		38828D902B0D4827005EB276 /* FirstScreen */ = {
			isa = PBXGroup;
			children = (
				384783812AFBEE2100D2C231 /* FirstViewController.swift */,
				384783852AFD7FE500D2C231 /* FirstView.swift */,
			);
			path = FirstScreen;
			sourceTree = "<group>";
		};
		38828D912B0D483E005EB276 /* LoginScreen */ = {
			isa = PBXGroup;
			children = (
				384783872AFD9A1B00D2C231 /* LoginViewController.swift */,
				384783892AFD9A8200D2C231 /* LoginView.swift */,
			);
			path = LoginScreen;
			sourceTree = "<group>";
		};
		38828D922B0D4855005EB276 /* RegisterScreen */ = {
			isa = PBXGroup;
			children = (
				3847838B2AFD9A9400D2C231 /* RegisterViewController.swift */,
				3847838D2AFD9AB400D2C231 /* RegisterView.swift */,
			);
			path = RegisterScreen;
			sourceTree = "<group>";
		};
		38828D932B0D4879005EB276 /* HomeScreen */ = {
			isa = PBXGroup;
			children = (
				3847839B2B0109A500D2C231 /* HomeViewController.swift */,
				3847839D2B016A5300D2C231 /* FruitCell.swift */,
			);
			path = HomeScreen;
			sourceTree = "<group>";
		};
		38828D942B0D4891005EB276 /* BasketScreen */ = {
			isa = PBXGroup;
			children = (
				384783A72B0518D000D2C231 /* BasketViewController.swift */,
				384783C12B097FA300D2C231 /* BasketCell.swift */,
				384783AD2B06D90800D2C231 /* CustomHeaderView.swift */,
			);
			path = BasketScreen;
			sourceTree = "<group>";
		};
		38828D972B0D4A53005EB276 /* PurchaseScreen */ = {
			isa = PBXGroup;
			children = (
				384783C32B0AB54700D2C231 /* PurchaseController.swift */,
				38828D952B0D4971005EB276 /* PurchaseView.swift */,
				384783C52B0AC72D00D2C231 /* ResultController.swift */,
			);
			path = PurchaseScreen;
			sourceTree = "<group>";
		};
		8260E27560CF462FEE398F25 /* Frameworks */ = {
			isa = PBXGroup;
			children = (
				27EC1EAF3B7D1684B60C369B /* Pods_FruitOrderApp.framework */,
			);
			name = Frameworks;
			sourceTree = "<group>";
		};
		B67366E905244CEEA5F7C66B /* Pods */ = {
			isa = PBXGroup;
			children = (
				9DF06B4AD6794FA2D39D41F9 /* Pods-FruitOrderApp.debug.xcconfig */,
				3801321441B7CE439268A0B4 /* Pods-FruitOrderApp.release.xcconfig */,
			);
			path = Pods;
			sourceTree = "<group>";
		};
/* End PBXGroup section */

/* Begin PBXNativeTarget section */
		384783662AFBED9C00D2C231 /* FruitOrderApp */ = {
			isa = PBXNativeTarget;
			buildConfigurationList = 3847837E2AFBED9D00D2C231 /* Build configuration list for PBXNativeTarget "FruitOrderApp" */;
			buildPhases = (
				B6A8F5840C5F05BD687BA8EA /* [CP] Check Pods Manifest.lock */,
				384783632AFBED9C00D2C231 /* Sources */,
				384783642AFBED9C00D2C231 /* Frameworks */,
				384783652AFBED9C00D2C231 /* Resources */,
				D2389754556CF492894A273D /* [CP] Embed Pods Frameworks */,
			);
			buildRules = (
			);
			dependencies = (
			);
			name = FruitOrderApp;
			packageProductDependencies = (
				384783932AFE7EFB00D2C231 /* SnapKit */,
				384783952AFE7EFB00D2C231 /* SnapKit-Dynamic */,
				38828D9B2B0D5E0B005EB276 /* Lottie */,
			);
			productName = FruitOrderApp;
			productReference = 384783672AFBED9C00D2C231 /* FruitOrderApp.app */;
			productType = "com.apple.product-type.application";
		};
/* End PBXNativeTarget section */

/* Begin PBXProject section */
		3847835F2AFBED9C00D2C231 /* Project object */ = {
			isa = PBXProject;
			attributes = {
				BuildIndependentTargetsInParallel = 1;
				LastSwiftUpdateCheck = 1500;
				LastUpgradeCheck = 1500;
				TargetAttributes = {
					384783662AFBED9C00D2C231 = {
						CreatedOnToolsVersion = 15.0.1;
					};
				};
			};
			buildConfigurationList = 384783622AFBED9C00D2C231 /* Build configuration list for PBXProject "FruitOrderApp" */;
			compatibilityVersion = "Xcode 14.0";
			developmentRegion = en;
			hasScannedForEncodings = 0;
			knownRegions = (
				en,
				Base,
			);
			mainGroup = 3847835E2AFBED9C00D2C231;
			packageReferences = (
				384783922AFE7EFB00D2C231 /* XCRemoteSwiftPackageReference "SnapKit" */,
				38828D9A2B0D5E0B005EB276 /* XCRemoteSwiftPackageReference "lottie-ios" */,
			);
			productRefGroup = 384783682AFBED9C00D2C231 /* Products */;
			projectDirPath = "";
			projectRoot = "";
			targets = (
				384783662AFBED9C00D2C231 /* FruitOrderApp */,
			);
		};
/* End PBXProject section */

/* Begin PBXResourcesBuildPhase section */
		384783652AFBED9C00D2C231 /* Resources */ = {
			isa = PBXResourcesBuildPhase;
			buildActionMask = 2147483647;
			files = (
				384783A02B016C3000D2C231 /* Fruit.json in Resources */,
				38828D9E2B0D69B3005EB276 /* Animation.json in Resources */,
				384783772AFBED9D00D2C231 /* Assets.xcassets in Resources */,
			);
			runOnlyForDeploymentPostprocessing = 0;
		};
/* End PBXResourcesBuildPhase section */

/* Begin PBXShellScriptBuildPhase section */
		B6A8F5840C5F05BD687BA8EA /* [CP] Check Pods Manifest.lock */ = {
			isa = PBXShellScriptBuildPhase;
			buildActionMask = 2147483647;
			files = (
			);
			inputFileListPaths = (
			);
			inputPaths = (
				"${PODS_PODFILE_DIR_PATH}/Podfile.lock",
				"${PODS_ROOT}/Manifest.lock",
			);
			name = "[CP] Check Pods Manifest.lock";
			outputFileListPaths = (
			);
			outputPaths = (
				"$(DERIVED_FILE_DIR)/Pods-FruitOrderApp-checkManifestLockResult.txt",
			);
			runOnlyForDeploymentPostprocessing = 0;
			shellPath = /bin/sh;
			shellScript = "diff \"${PODS_PODFILE_DIR_PATH}/Podfile.lock\" \"${PODS_ROOT}/Manifest.lock\" > /dev/null\nif [ $? != 0 ] ; then\n    # print error to STDERR\n    echo \"error: The sandbox is not in sync with the Podfile.lock. Run 'pod install' or update your CocoaPods installation.\" >&2\n    exit 1\nfi\n# This output is used by Xcode 'outputs' to avoid re-running this script phase.\necho \"SUCCESS\" > \"${SCRIPT_OUTPUT_FILE_0}\"\n";
			showEnvVarsInLog = 0;
		};
		D2389754556CF492894A273D /* [CP] Embed Pods Frameworks */ = {
			isa = PBXShellScriptBuildPhase;
			buildActionMask = 2147483647;
			files = (
			);
			inputFileListPaths = (
				"${PODS_ROOT}/Target Support Files/Pods-FruitOrderApp/Pods-FruitOrderApp-frameworks-${CONFIGURATION}-input-files.xcfilelist",
			);
			name = "[CP] Embed Pods Frameworks";
			outputFileListPaths = (
				"${PODS_ROOT}/Target Support Files/Pods-FruitOrderApp/Pods-FruitOrderApp-frameworks-${CONFIGURATION}-output-files.xcfilelist",
			);
			runOnlyForDeploymentPostprocessing = 0;
			shellPath = /bin/sh;
			shellScript = "\"${PODS_ROOT}/Target Support Files/Pods-FruitOrderApp/Pods-FruitOrderApp-frameworks.sh\"\n";
			showEnvVarsInLog = 0;
		};
/* End PBXShellScriptBuildPhase section */

/* Begin PBXSourcesBuildPhase section */
		384783632AFBED9C00D2C231 /* Sources */ = {
			isa = PBXSourcesBuildPhase;
			buildActionMask = 2147483647;
			files = (
				384783AC2B051D2C00D2C231 /* HomeViewModel.swift in Sources */,
				3847838E2AFD9AB400D2C231 /* RegisterView.swift in Sources */,
				384783A82B0518D000D2C231 /* BasketViewController.swift in Sources */,
				384783CA2B0B6B3F00D2C231 /* ItemViewController.swift in Sources */,
				384783882AFD9A1B00D2C231 /* LoginViewController.swift in Sources */,
				384783CC2B0B745C00D2C231 /* ItemViewModel.swift in Sources */,
				384783AE2B06D90800D2C231 /* CustomHeaderView.swift in Sources */,
				38828D962B0D4971005EB276 /* PurchaseView.swift in Sources */,
				3847839E2B016A5300D2C231 /* FruitCell.swift in Sources */,
				3847838A2AFD9A8200D2C231 /* LoginView.swift in Sources */,
				384783AA2B0519DD00D2C231 /* TabViewController.swift in Sources */,
				384783822AFBEE2100D2C231 /* FirstViewController.swift in Sources */,
				384783A62B0517CE00D2C231 /* ProfileViewController.swift in Sources */,
				3847838C2AFD9A9400D2C231 /* RegisterViewController.swift in Sources */,
				384783C42B0AB54700D2C231 /* PurchaseController.swift in Sources */,
				384783C62B0AC72D00D2C231 /* ResultController.swift in Sources */,
				384783982B0026DE00D2C231 /* DataManager.swift in Sources */,
				384783C22B097FA300D2C231 /* BasketCell.swift in Sources */,
				384783862AFD7FE500D2C231 /* FirstView.swift in Sources */,
				384783842AFD7C0600D2C231 /* Extensions.swift in Sources */,
				384783752AFBED9C00D2C231 /* FruitOrderApp.xcdatamodeld in Sources */,
				3847836B2AFBED9C00D2C231 /* AppDelegate.swift in Sources */,
				3847839A2B01067D00D2C231 /* FileManagerHelper.swift in Sources */,
				384783A22B01705600D2C231 /* JsonParser.swift in Sources */,
				384783BB2B0962F100D2C231 /* SelectedFruit+CoreDataClass.swift in Sources */,
				3847839C2B0109A500D2C231 /* HomeViewController.swift in Sources */,
				384783C02B0977F400D2C231 /* CoreDataModel.swift in Sources */,
				384783BC2B0962F100D2C231 /* SelectedFruit+CoreDataProperties.swift in Sources */,
			);
			runOnlyForDeploymentPostprocessing = 0;
		};
/* End PBXSourcesBuildPhase section */

/* Begin XCBuildConfiguration section */
		3847837C2AFBED9D00D2C231 /* Debug */ = {
			isa = XCBuildConfiguration;
			buildSettings = {
				ALWAYS_SEARCH_USER_PATHS = NO;
				ASSETCATALOG_COMPILER_GENERATE_SWIFT_ASSET_SYMBOL_EXTENSIONS = YES;
				CLANG_ANALYZER_NONNULL = YES;
				CLANG_ANALYZER_NUMBER_OBJECT_CONVERSION = YES_AGGRESSIVE;
				CLANG_CXX_LANGUAGE_STANDARD = "gnu++20";
				CLANG_ENABLE_MODULES = YES;
				CLANG_ENABLE_OBJC_ARC = YES;
				CLANG_ENABLE_OBJC_WEAK = YES;
				CLANG_WARN_BLOCK_CAPTURE_AUTORELEASING = YES;
				CLANG_WARN_BOOL_CONVERSION = YES;
				CLANG_WARN_COMMA = YES;
				CLANG_WARN_CONSTANT_CONVERSION = YES;
				CLANG_WARN_DEPRECATED_OBJC_IMPLEMENTATIONS = YES;
				CLANG_WARN_DIRECT_OBJC_ISA_USAGE = YES_ERROR;
				CLANG_WARN_DOCUMENTATION_COMMENTS = YES;
				CLANG_WARN_EMPTY_BODY = YES;
				CLANG_WARN_ENUM_CONVERSION = YES;
				CLANG_WARN_INFINITE_RECURSION = YES;
				CLANG_WARN_INT_CONVERSION = YES;
				CLANG_WARN_NON_LITERAL_NULL_CONVERSION = YES;
				CLANG_WARN_OBJC_IMPLICIT_RETAIN_SELF = YES;
				CLANG_WARN_OBJC_LITERAL_CONVERSION = YES;
				CLANG_WARN_OBJC_ROOT_CLASS = YES_ERROR;
				CLANG_WARN_QUOTED_INCLUDE_IN_FRAMEWORK_HEADER = YES;
				CLANG_WARN_RANGE_LOOP_ANALYSIS = YES;
				CLANG_WARN_STRICT_PROTOTYPES = YES;
				CLANG_WARN_SUSPICIOUS_MOVE = YES;
				CLANG_WARN_UNGUARDED_AVAILABILITY = YES_AGGRESSIVE;
				CLANG_WARN_UNREACHABLE_CODE = YES;
				CLANG_WARN__DUPLICATE_METHOD_MATCH = YES;
				COPY_PHASE_STRIP = NO;
				DEBUG_INFORMATION_FORMAT = dwarf;
				ENABLE_STRICT_OBJC_MSGSEND = YES;
				ENABLE_TESTABILITY = YES;
				ENABLE_USER_SCRIPT_SANDBOXING = YES;
				GCC_C_LANGUAGE_STANDARD = gnu17;
				GCC_DYNAMIC_NO_PIC = NO;
				GCC_NO_COMMON_BLOCKS = YES;
				GCC_OPTIMIZATION_LEVEL = 0;
				GCC_PREPROCESSOR_DEFINITIONS = (
					"DEBUG=1",
					"$(inherited)",
				);
				GCC_WARN_64_TO_32_BIT_CONVERSION = YES;
				GCC_WARN_ABOUT_RETURN_TYPE = YES_ERROR;
				GCC_WARN_UNDECLARED_SELECTOR = YES;
				GCC_WARN_UNINITIALIZED_AUTOS = YES_AGGRESSIVE;
				GCC_WARN_UNUSED_FUNCTION = YES;
				GCC_WARN_UNUSED_VARIABLE = YES;
				IPHONEOS_DEPLOYMENT_TARGET = 16.0;
				LOCALIZATION_PREFERS_STRING_CATALOGS = YES;
				MTL_ENABLE_DEBUG_INFO = INCLUDE_SOURCE;
				MTL_FAST_MATH = YES;
				ONLY_ACTIVE_ARCH = YES;
				SDKROOT = iphoneos;
				SWIFT_ACTIVE_COMPILATION_CONDITIONS = "DEBUG $(inherited)";
				SWIFT_OPTIMIZATION_LEVEL = "-Onone";
			};
			name = Debug;
		};
		3847837D2AFBED9D00D2C231 /* Release */ = {
			isa = XCBuildConfiguration;
			buildSettings = {
				ALWAYS_SEARCH_USER_PATHS = NO;
				ASSETCATALOG_COMPILER_GENERATE_SWIFT_ASSET_SYMBOL_EXTENSIONS = YES;
				CLANG_ANALYZER_NONNULL = YES;
				CLANG_ANALYZER_NUMBER_OBJECT_CONVERSION = YES_AGGRESSIVE;
				CLANG_CXX_LANGUAGE_STANDARD = "gnu++20";
				CLANG_ENABLE_MODULES = YES;
				CLANG_ENABLE_OBJC_ARC = YES;
				CLANG_ENABLE_OBJC_WEAK = YES;
				CLANG_WARN_BLOCK_CAPTURE_AUTORELEASING = YES;
				CLANG_WARN_BOOL_CONVERSION = YES;
				CLANG_WARN_COMMA = YES;
				CLANG_WARN_CONSTANT_CONVERSION = YES;
				CLANG_WARN_DEPRECATED_OBJC_IMPLEMENTATIONS = YES;
				CLANG_WARN_DIRECT_OBJC_ISA_USAGE = YES_ERROR;
				CLANG_WARN_DOCUMENTATION_COMMENTS = YES;
				CLANG_WARN_EMPTY_BODY = YES;
				CLANG_WARN_ENUM_CONVERSION = YES;
				CLANG_WARN_INFINITE_RECURSION = YES;
				CLANG_WARN_INT_CONVERSION = YES;
				CLANG_WARN_NON_LITERAL_NULL_CONVERSION = YES;
				CLANG_WARN_OBJC_IMPLICIT_RETAIN_SELF = YES;
				CLANG_WARN_OBJC_LITERAL_CONVERSION = YES;
				CLANG_WARN_OBJC_ROOT_CLASS = YES_ERROR;
				CLANG_WARN_QUOTED_INCLUDE_IN_FRAMEWORK_HEADER = YES;
				CLANG_WARN_RANGE_LOOP_ANALYSIS = YES;
				CLANG_WARN_STRICT_PROTOTYPES = YES;
				CLANG_WARN_SUSPICIOUS_MOVE = YES;
				CLANG_WARN_UNGUARDED_AVAILABILITY = YES_AGGRESSIVE;
				CLANG_WARN_UNREACHABLE_CODE = YES;
				CLANG_WARN__DUPLICATE_METHOD_MATCH = YES;
				COPY_PHASE_STRIP = NO;
				DEBUG_INFORMATION_FORMAT = "dwarf-with-dsym";
				ENABLE_NS_ASSERTIONS = NO;
				ENABLE_STRICT_OBJC_MSGSEND = YES;
				ENABLE_USER_SCRIPT_SANDBOXING = YES;
				GCC_C_LANGUAGE_STANDARD = gnu17;
				GCC_NO_COMMON_BLOCKS = YES;
				GCC_WARN_64_TO_32_BIT_CONVERSION = YES;
				GCC_WARN_ABOUT_RETURN_TYPE = YES_ERROR;
				GCC_WARN_UNDECLARED_SELECTOR = YES;
				GCC_WARN_UNINITIALIZED_AUTOS = YES_AGGRESSIVE;
				GCC_WARN_UNUSED_FUNCTION = YES;
				GCC_WARN_UNUSED_VARIABLE = YES;
				IPHONEOS_DEPLOYMENT_TARGET = 16.0;
				LOCALIZATION_PREFERS_STRING_CATALOGS = YES;
				MTL_ENABLE_DEBUG_INFO = NO;
				MTL_FAST_MATH = YES;
				SDKROOT = iphoneos;
				SWIFT_COMPILATION_MODE = wholemodule;
				VALIDATE_PRODUCT = YES;
			};
			name = Release;
		};
		3847837F2AFBED9D00D2C231 /* Debug */ = {
			isa = XCBuildConfiguration;
			baseConfigurationReference = 9DF06B4AD6794FA2D39D41F9 /* Pods-FruitOrderApp.debug.xcconfig */;
			buildSettings = {
				ASSETCATALOG_COMPILER_APPICON_NAME = AppIcon;
				ASSETCATALOG_COMPILER_GLOBAL_ACCENT_COLOR_NAME = AccentColor;
				CODE_SIGN_STYLE = Automatic;
				CURRENT_PROJECT_VERSION = 1;
				GENERATE_INFOPLIST_FILE = YES;
				INFOPLIST_FILE = FruitOrderApp/Info.plist;
				INFOPLIST_KEY_UIApplicationSupportsIndirectInputEvents = YES;
				INFOPLIST_KEY_UILaunchStoryboardName = LaunchScreen;
				INFOPLIST_KEY_UISupportedInterfaceOrientations_iPad = "UIInterfaceOrientationPortrait UIInterfaceOrientationPortraitUpsideDown UIInterfaceOrientationLandscapeLeft UIInterfaceOrientationLandscapeRight";
				INFOPLIST_KEY_UISupportedInterfaceOrientations_iPhone = "UIInterfaceOrientationPortrait UIInterfaceOrientationLandscapeLeft UIInterfaceOrientationLandscapeRight";
				LD_RUNPATH_SEARCH_PATHS = (
					"$(inherited)",
					"@executable_path/Frameworks",
				);
				MARKETING_VERSION = 1.0;
				PRODUCT_BUNDLE_IDENTIFIER = com.ilaha.FruitOrderApp;
				PRODUCT_NAME = "$(TARGET_NAME)";
				SWIFT_EMIT_LOC_STRINGS = YES;
				SWIFT_VERSION = 5.0;
				TARGETED_DEVICE_FAMILY = "1,2";
			};
			name = Debug;
		};
		384783802AFBED9D00D2C231 /* Release */ = {
			isa = XCBuildConfiguration;
			baseConfigurationReference = 3801321441B7CE439268A0B4 /* Pods-FruitOrderApp.release.xcconfig */;
			buildSettings = {
				ASSETCATALOG_COMPILER_APPICON_NAME = AppIcon;
				ASSETCATALOG_COMPILER_GLOBAL_ACCENT_COLOR_NAME = AccentColor;
				CODE_SIGN_STYLE = Automatic;
				CURRENT_PROJECT_VERSION = 1;
				GENERATE_INFOPLIST_FILE = YES;
				INFOPLIST_FILE = FruitOrderApp/Info.plist;
				INFOPLIST_KEY_UIApplicationSupportsIndirectInputEvents = YES;
				INFOPLIST_KEY_UILaunchStoryboardName = LaunchScreen;
				INFOPLIST_KEY_UISupportedInterfaceOrientations_iPad = "UIInterfaceOrientationPortrait UIInterfaceOrientationPortraitUpsideDown UIInterfaceOrientationLandscapeLeft UIInterfaceOrientationLandscapeRight";
				INFOPLIST_KEY_UISupportedInterfaceOrientations_iPhone = "UIInterfaceOrientationPortrait UIInterfaceOrientationLandscapeLeft UIInterfaceOrientationLandscapeRight";
				LD_RUNPATH_SEARCH_PATHS = (
					"$(inherited)",
					"@executable_path/Frameworks",
				);
				MARKETING_VERSION = 1.0;
				PRODUCT_BUNDLE_IDENTIFIER = com.ilaha.FruitOrderApp;
				PRODUCT_NAME = "$(TARGET_NAME)";
				SWIFT_EMIT_LOC_STRINGS = YES;
				SWIFT_VERSION = 5.0;
				TARGETED_DEVICE_FAMILY = "1,2";
			};
			name = Release;
		};
/* End XCBuildConfiguration section */

/* Begin XCConfigurationList section */
		384783622AFBED9C00D2C231 /* Build configuration list for PBXProject "FruitOrderApp" */ = {
			isa = XCConfigurationList;
			buildConfigurations = (
				3847837C2AFBED9D00D2C231 /* Debug */,
				3847837D2AFBED9D00D2C231 /* Release */,
			);
			defaultConfigurationIsVisible = 0;
			defaultConfigurationName = Release;
		};
		3847837E2AFBED9D00D2C231 /* Build configuration list for PBXNativeTarget "FruitOrderApp" */ = {
			isa = XCConfigurationList;
			buildConfigurations = (
				3847837F2AFBED9D00D2C231 /* Debug */,
				384783802AFBED9D00D2C231 /* Release */,
			);
			defaultConfigurationIsVisible = 0;
			defaultConfigurationName = Release;
		};
/* End XCConfigurationList section */

/* Begin XCRemoteSwiftPackageReference section */
		384783922AFE7EFB00D2C231 /* XCRemoteSwiftPackageReference "SnapKit" */ = {
			isa = XCRemoteSwiftPackageReference;
			repositoryURL = "https://github.com/SnapKit/SnapKit.git";
			requirement = {
				kind = upToNextMajorVersion;
				minimumVersion = 5.6.0;
			};
		};
		38828D9A2B0D5E0B005EB276 /* XCRemoteSwiftPackageReference "lottie-ios" */ = {
			isa = XCRemoteSwiftPackageReference;
			repositoryURL = "https://github.com/airbnb/lottie-ios.git";
			requirement = {
				kind = upToNextMajorVersion;
				minimumVersion = 4.3.3;
			};
		};
/* End XCRemoteSwiftPackageReference section */

/* Begin XCSwiftPackageProductDependency section */
		384783932AFE7EFB00D2C231 /* SnapKit */ = {
			isa = XCSwiftPackageProductDependency;
			package = 384783922AFE7EFB00D2C231 /* XCRemoteSwiftPackageReference "SnapKit" */;
			productName = SnapKit;
		};
		384783952AFE7EFB00D2C231 /* SnapKit-Dynamic */ = {
			isa = XCSwiftPackageProductDependency;
			package = 384783922AFE7EFB00D2C231 /* XCRemoteSwiftPackageReference "SnapKit" */;
			productName = "SnapKit-Dynamic";
		};
		38828D9B2B0D5E0B005EB276 /* Lottie */ = {
			isa = XCSwiftPackageProductDependency;
			package = 38828D9A2B0D5E0B005EB276 /* XCRemoteSwiftPackageReference "lottie-ios" */;
			productName = Lottie;
		};
/* End XCSwiftPackageProductDependency section */

/* Begin XCVersionGroup section */
		384783732AFBED9C00D2C231 /* FruitOrderApp.xcdatamodeld */ = {
			isa = XCVersionGroup;
			children = (
				384783742AFBED9C00D2C231 /* FruitOrderApp.xcdatamodel */,
			);
			currentVersion = 384783742AFBED9C00D2C231 /* FruitOrderApp.xcdatamodel */;
			path = FruitOrderApp.xcdatamodeld;
			sourceTree = "<group>";
			versionGroupType = wrapper.xcdatamodel;
		};
/* End XCVersionGroup section */
	};
	rootObject = 3847835F2AFBED9C00D2C231 /* Project object */;
}
