// !$*UTF8*$!
{
	archiveVersion = 1;
	classes = {
	};
	objectVersion = 56;
	objects = {

/* Begin PBXBuildFile section */
		3847836B2AFBED9C00D2C231 /* AppDelegate.swift in Sources */ = {isa = PBXBuildFile; fileRef = 3847836A2AFBED9C00D2C231 /* AppDelegate.swift */; };
		384783752AFBED9C00D2C231 /* FruitOrderApp.xcdatamodeld in Sources */ = {isa = PBXBuildFile; fileRef = 384783732AFBED9C00D2C231 /* FruitOrderApp.xcdatamodeld */; };
		384783772AFBED9D00D2C231 /* Assets.xcassets in Resources */ = {isa = PBXBuildFile; fileRef = 384783762AFBED9D00D2C231 /* Assets.xcassets */; };
		384783822AFBEE2100D2C231 /* FirstViewController.swift in Sources */ = {isa = PBXBuildFile; fileRef = 384783812AFBEE2100D2C231 /* FirstViewController.swift */; };
		384783842AFD7C0600D2C231 /* Extensions.swift in Sources */ = {isa = PBXBuildFile; fileRef = 384783832AFD7C0600D2C231 /* Extensions.swift */; };
		384783862AFD7FE500D2C231 /* FirstView.swift in Sources */ = {isa = PBXBuildFile; fileRef = 384783852AFD7FE500D2C231 /* FirstView.swift */; };
		384783882AFD9A1B00D2C231 /* LoginViewController.swift in Sources */ = {isa = PBXBuildFile; fileRef = 384783872AFD9A1B00D2C231 /* LoginViewController.swift */; };
		3847838A2AFD9A8200D2C231 /* LoginView.swift in Sources */ = {isa = PBXBuildFile; fileRef = 384783892AFD9A8200D2C231 /* LoginView.swift */; };
		3847838C2AFD9A9400D2C231 /* RegisterViewController.swift in Sources */ = {isa = PBXBuildFile; fileRef = 3847838B2AFD9A9400D2C231 /* RegisterViewController.swift */; };
		3847838E2AFD9AB400D2C231 /* RegisterView.swift in Sources */ = {isa = PBXBuildFile; fileRef = 3847838D2AFD9AB400D2C231 /* RegisterView.swift */; };
		384783942AFE7EFB00D2C231 /* SnapKit in Frameworks */ = {isa = PBXBuildFile; productRef = 384783932AFE7EFB00D2C231 /* SnapKit */; };
		384783962AFE7EFB00D2C231 /* SnapKit-Dynamic in Frameworks */ = {isa = PBXBuildFile; productRef = 384783952AFE7EFB00D2C231 /* SnapKit-Dynamic */; };
		384783982B0026DE00D2C231 /* DataManager.swift in Sources */ = {isa = PBXBuildFile; fileRef = 384783972B0026DE00D2C231 /* DataManager.swift */; };
/* End PBXBuildFile section */

/* Begin PBXFileReference section */
		384783672AFBED9C00D2C231 /* FruitOrderApp.app */ = {isa = PBXFileReference; explicitFileType = wrapper.application; includeInIndex = 0; path = FruitOrderApp.app; sourceTree = BUILT_PRODUCTS_DIR; };
		3847836A2AFBED9C00D2C231 /* AppDelegate.swift */ = {isa = PBXFileReference; lastKnownFileType = sourcecode.swift; path = AppDelegate.swift; sourceTree = "<group>"; };
		384783742AFBED9C00D2C231 /* FruitOrderApp.xcdatamodel */ = {isa = PBXFileReference; lastKnownFileType = wrapper.xcdatamodel; path = FruitOrderApp.xcdatamodel; sourceTree = "<group>"; };
		384783762AFBED9D00D2C231 /* Assets.xcassets */ = {isa = PBXFileReference; lastKnownFileType = folder.assetcatalog; path = Assets.xcassets; sourceTree = "<group>"; };
		3847837B2AFBED9D00D2C231 /* Info.plist */ = {isa = PBXFileReference; lastKnownFileType = text.plist.xml; path = Info.plist; sourceTree = "<group>"; };
		384783812AFBEE2100D2C231 /* FirstViewController.swift */ = {isa = PBXFileReference; lastKnownFileType = sourcecode.swift; path = FirstViewController.swift; sourceTree = "<group>"; };
		384783832AFD7C0600D2C231 /* Extensions.swift */ = {isa = PBXFileReference; lastKnownFileType = sourcecode.swift; path = Extensions.swift; sourceTree = "<group>"; };
		384783852AFD7FE500D2C231 /* FirstView.swift */ = {isa = PBXFileReference; lastKnownFileType = sourcecode.swift; path = FirstView.swift; sourceTree = "<group>"; };
		384783872AFD9A1B00D2C231 /* LoginViewController.swift */ = {isa = PBXFileReference; lastKnownFileType = sourcecode.swift; path = LoginViewController.swift; sourceTree = "<group>"; };
		384783892AFD9A8200D2C231 /* LoginView.swift */ = {isa = PBXFileReference; lastKnownFileType = sourcecode.swift; path = LoginView.swift; sourceTree = "<group>"; };
		3847838B2AFD9A9400D2C231 /* RegisterViewController.swift */ = {isa = PBXFileReference; lastKnownFileType = sourcecode.swift; path = RegisterViewController.swift; sourceTree = "<group>"; };
		3847838D2AFD9AB400D2C231 /* RegisterView.swift */ = {isa = PBXFileReference; lastKnownFileType = sourcecode.swift; path = RegisterView.swift; sourceTree = "<group>"; };
		384783972B0026DE00D2C231 /* DataManager.swift */ = {isa = PBXFileReference; lastKnownFileType = sourcecode.swift; path = DataManager.swift; sourceTree = "<group>"; };
/* End PBXFileReference section */

/* Begin PBXFrameworksBuildPhase section */
		384783642AFBED9C00D2C231 /* Frameworks */ = {
			isa = PBXFrameworksBuildPhase;
			buildActionMask = 2147483647;
			files = (
				384783942AFE7EFB00D2C231 /* SnapKit in Frameworks */,
				384783962AFE7EFB00D2C231 /* SnapKit-Dynamic in Frameworks */,
			);
			runOnlyForDeploymentPostprocessing = 0;
		};
/* End PBXFrameworksBuildPhase section */

/* Begin PBXGroup section */
		3847835E2AFBED9C00D2C231 = {
			isa = PBXGroup;
			children = (
				384783692AFBED9C00D2C231 /* FruitOrderApp */,
				384783682AFBED9C00D2C231 /* Products */,
			);
			sourceTree = "<group>";
		};
		384783682AFBED9C00D2C231 /* Products */ = {
			isa = PBXGroup;
			children = (
				384783672AFBED9C00D2C231 /* FruitOrderApp.app */,
			);
			name = Products;
			sourceTree = "<group>";
		};
		384783692AFBED9C00D2C231 /* FruitOrderApp */ = {
			isa = PBXGroup;
			children = (
				3847836A2AFBED9C00D2C231 /* AppDelegate.swift */,
				3847838F2AFD9B9700D2C231 /* Model */,
				384783912AFD9CD700D2C231 /* View */,
				384783902AFD9CC000D2C231 /* ViewModel */,
				384783762AFBED9D00D2C231 /* Assets.xcassets */,
				3847837B2AFBED9D00D2C231 /* Info.plist */,
				384783732AFBED9C00D2C231 /* FruitOrderApp.xcdatamodeld */,
			);
			path = FruitOrderApp;
			sourceTree = "<group>";
		};
		3847838F2AFD9B9700D2C231 /* Model */ = {
			isa = PBXGroup;
			children = (
				384783832AFD7C0600D2C231 /* Extensions.swift */,
				384783972B0026DE00D2C231 /* DataManager.swift */,
			);
			path = Model;
			sourceTree = "<group>";
		};
		384783902AFD9CC000D2C231 /* ViewModel */ = {
			isa = PBXGroup;
			children = (
				384783852AFD7FE500D2C231 /* FirstView.swift */,
				384783892AFD9A8200D2C231 /* LoginView.swift */,
				3847838D2AFD9AB400D2C231 /* RegisterView.swift */,
			);
			path = ViewModel;
			sourceTree = "<group>";
		};
		384783912AFD9CD700D2C231 /* View */ = {
			isa = PBXGroup;
			children = (
				384783812AFBEE2100D2C231 /* FirstViewController.swift */,
				384783872AFD9A1B00D2C231 /* LoginViewController.swift */,
				3847838B2AFD9A9400D2C231 /* RegisterViewController.swift */,
			);
			path = View;
			sourceTree = "<group>";
		};
/* End PBXGroup section */

/* Begin PBXNativeTarget section */
		384783662AFBED9C00D2C231 /* FruitOrderApp */ = {
			isa = PBXNativeTarget;
			buildConfigurationList = 3847837E2AFBED9D00D2C231 /* Build configuration list for PBXNativeTarget "FruitOrderApp" */;
			buildPhases = (
				384783632AFBED9C00D2C231 /* Sources */,
				384783642AFBED9C00D2C231 /* Frameworks */,
				384783652AFBED9C00D2C231 /* Resources */,
			);
			buildRules = (
			);
			dependencies = (
			);
			name = FruitOrderApp;
			packageProductDependencies = (
				384783932AFE7EFB00D2C231 /* SnapKit */,
				384783952AFE7EFB00D2C231 /* SnapKit-Dynamic */,
			);
			productName = FruitOrderApp;
			productReference = 384783672AFBED9C00D2C231 /* FruitOrderApp.app */;
			productType = "com.apple.product-type.application";
		};
/* End PBXNativeTarget section */

/* Begin PBXProject section */
		3847835F2AFBED9C00D2C231 /* Project object */ = {
			isa = PBXProject;
			attributes = {
				BuildIndependentTargetsInParallel = 1;
				LastSwiftUpdateCheck = 1500;
				LastUpgradeCheck = 1500;
				TargetAttributes = {
					384783662AFBED9C00D2C231 = {
						CreatedOnToolsVersion = 15.0.1;
					};
				};
			};
			buildConfigurationList = 384783622AFBED9C00D2C231 /* Build configuration list for PBXProject "FruitOrderApp" */;
			compatibilityVersion = "Xcode 14.0";
			developmentRegion = en;
			hasScannedForEncodings = 0;
			knownRegions = (
				en,
				Base,
			);
			mainGroup = 3847835E2AFBED9C00D2C231;
			packageReferences = (
				384783922AFE7EFB00D2C231 /* XCRemoteSwiftPackageReference "SnapKit" */,
			);
			productRefGroup = 384783682AFBED9C00D2C231 /* Products */;
			projectDirPath = "";
			projectRoot = "";
			targets = (
				384783662AFBED9C00D2C231 /* FruitOrderApp */,
			);
		};
/* End PBXProject section */

/* Begin PBXResourcesBuildPhase section */
		384783652AFBED9C00D2C231 /* Resources */ = {
			isa = PBXResourcesBuildPhase;
			buildActionMask = 2147483647;
			files = (
				384783772AFBED9D00D2C231 /* Assets.xcassets in Resources */,
			);
			runOnlyForDeploymentPostprocessing = 0;
		};
/* End PBXResourcesBuildPhase section */

/* Begin PBXSourcesBuildPhase section */
		384783632AFBED9C00D2C231 /* Sources */ = {
			isa = PBXSourcesBuildPhase;
			buildActionMask = 2147483647;
			files = (
				3847838E2AFD9AB400D2C231 /* RegisterView.swift in Sources */,
				384783882AFD9A1B00D2C231 /* LoginViewController.swift in Sources */,
				3847838A2AFD9A8200D2C231 /* LoginView.swift in Sources */,
				384783822AFBEE2100D2C231 /* FirstViewController.swift in Sources */,
				3847838C2AFD9A9400D2C231 /* RegisterViewController.swift in Sources */,
				384783982B0026DE00D2C231 /* DataManager.swift in Sources */,
				384783862AFD7FE500D2C231 /* FirstView.swift in Sources */,
				384783842AFD7C0600D2C231 /* Extensions.swift in Sources */,
				384783752AFBED9C00D2C231 /* FruitOrderApp.xcdatamodeld in Sources */,
				3847836B2AFBED9C00D2C231 /* AppDelegate.swift in Sources */,
			);
			runOnlyForDeploymentPostprocessing = 0;
		};
/* End PBXSourcesBuildPhase section */

/* Begin XCBuildConfiguration section */
		3847837C2AFBED9D00D2C231 /* Debug */ = {
			isa = XCBuildConfiguration;
			buildSettings = {
				ALWAYS_SEARCH_USER_PATHS = NO;
				ASSETCATALOG_COMPILER_GENERATE_SWIFT_ASSET_SYMBOL_EXTENSIONS = YES;
				CLANG_ANALYZER_NONNULL = YES;
				CLANG_ANALYZER_NUMBER_OBJECT_CONVERSION = YES_AGGRESSIVE;
				CLANG_CXX_LANGUAGE_STANDARD = "gnu++20";
				CLANG_ENABLE_MODULES = YES;
				CLANG_ENABLE_OBJC_ARC = YES;
				CLANG_ENABLE_OBJC_WEAK = YES;
				CLANG_WARN_BLOCK_CAPTURE_AUTORELEASING = YES;
				CLANG_WARN_BOOL_CONVERSION = YES;
				CLANG_WARN_COMMA = YES;
				CLANG_WARN_CONSTANT_CONVERSION = YES;
				CLANG_WARN_DEPRECATED_OBJC_IMPLEMENTATIONS = YES;
				CLANG_WARN_DIRECT_OBJC_ISA_USAGE = YES_ERROR;
				CLANG_WARN_DOCUMENTATION_COMMENTS = YES;
				CLANG_WARN_EMPTY_BODY = YES;
				CLANG_WARN_ENUM_CONVERSION = YES;
				CLANG_WARN_INFINITE_RECURSION = YES;
				CLANG_WARN_INT_CONVERSION = YES;
				CLANG_WARN_NON_LITERAL_NULL_CONVERSION = YES;
				CLANG_WARN_OBJC_IMPLICIT_RETAIN_SELF = YES;
				CLANG_WARN_OBJC_LITERAL_CONVERSION = YES;
				CLANG_WARN_OBJC_ROOT_CLASS = YES_ERROR;
				CLANG_WARN_QUOTED_INCLUDE_IN_FRAMEWORK_HEADER = YES;
				CLANG_WARN_RANGE_LOOP_ANALYSIS = YES;
				CLANG_WARN_STRICT_PROTOTYPES = YES;
				CLANG_WARN_SUSPICIOUS_MOVE = YES;
				CLANG_WARN_UNGUARDED_AVAILABILITY = YES_AGGRESSIVE;
				CLANG_WARN_UNREACHABLE_CODE = YES;
				CLANG_WARN__DUPLICATE_METHOD_MATCH = YES;
				COPY_PHASE_STRIP = NO;
				DEBUG_INFORMATION_FORMAT = dwarf;
				ENABLE_STRICT_OBJC_MSGSEND = YES;
				ENABLE_TESTABILITY = YES;
				ENABLE_USER_SCRIPT_SANDBOXING = YES;
				GCC_C_LANGUAGE_STANDARD = gnu17;
				GCC_DYNAMIC_NO_PIC = NO;
				GCC_NO_COMMON_BLOCKS = YES;
				GCC_OPTIMIZATION_LEVEL = 0;
				GCC_PREPROCESSOR_DEFINITIONS = (
					"DEBUG=1",
					"$(inherited)",
				);
				GCC_WARN_64_TO_32_BIT_CONVERSION = YES;
				GCC_WARN_ABOUT_RETURN_TYPE = YES_ERROR;
				GCC_WARN_UNDECLARED_SELECTOR = YES;
				GCC_WARN_UNINITIALIZED_AUTOS = YES_AGGRESSIVE;
				GCC_WARN_UNUSED_FUNCTION = YES;
				GCC_WARN_UNUSED_VARIABLE = YES;
				IPHONEOS_DEPLOYMENT_TARGET = 16.0;
				LOCALIZATION_PREFERS_STRING_CATALOGS = YES;
				MTL_ENABLE_DEBUG_INFO = INCLUDE_SOURCE;
				MTL_FAST_MATH = YES;
				ONLY_ACTIVE_ARCH = YES;
				SDKROOT = iphoneos;
				SWIFT_ACTIVE_COMPILATION_CONDITIONS = "DEBUG $(inherited)";
				SWIFT_OPTIMIZATION_LEVEL = "-Onone";
			};
			name = Debug;
		};
		3847837D2AFBED9D00D2C231 /* Release */ = {
			isa = XCBuildConfiguration;
			buildSettings = {
				ALWAYS_SEARCH_USER_PATHS = NO;
				ASSETCATALOG_COMPILER_GENERATE_SWIFT_ASSET_SYMBOL_EXTENSIONS = YES;
				CLANG_ANALYZER_NONNULL = YES;
				CLANG_ANALYZER_NUMBER_OBJECT_CONVERSION = YES_AGGRESSIVE;
				CLANG_CXX_LANGUAGE_STANDARD = "gnu++20";
				CLANG_ENABLE_MODULES = YES;
				CLANG_ENABLE_OBJC_ARC = YES;
				CLANG_ENABLE_OBJC_WEAK = YES;
				CLANG_WARN_BLOCK_CAPTURE_AUTORELEASING = YES;
				CLANG_WARN_BOOL_CONVERSION = YES;
				CLANG_WARN_COMMA = YES;
				CLANG_WARN_CONSTANT_CONVERSION = YES;
				CLANG_WARN_DEPRECATED_OBJC_IMPLEMENTATIONS = YES;
				CLANG_WARN_DIRECT_OBJC_ISA_USAGE = YES_ERROR;
				CLANG_WARN_DOCUMENTATION_COMMENTS = YES;
				CLANG_WARN_EMPTY_BODY = YES;
				CLANG_WARN_ENUM_CONVERSION = YES;
				CLANG_WARN_INFINITE_RECURSION = YES;
				CLANG_WARN_INT_CONVERSION = YES;
				CLANG_WARN_NON_LITERAL_NULL_CONVERSION = YES;
				CLANG_WARN_OBJC_IMPLICIT_RETAIN_SELF = YES;
				CLANG_WARN_OBJC_LITERAL_CONVERSION = YES;
				CLANG_WARN_OBJC_ROOT_CLASS = YES_ERROR;
				CLANG_WARN_QUOTED_INCLUDE_IN_FRAMEWORK_HEADER = YES;
				CLANG_WARN_RANGE_LOOP_ANALYSIS = YES;
				CLANG_WARN_STRICT_PROTOTYPES = YES;
				CLANG_WARN_SUSPICIOUS_MOVE = YES;
				CLANG_WARN_UNGUARDED_AVAILABILITY = YES_AGGRESSIVE;
				CLANG_WARN_UNREACHABLE_CODE = YES;
				CLANG_WARN__DUPLICATE_METHOD_MATCH = YES;
				COPY_PHASE_STRIP = NO;
				DEBUG_INFORMATION_FORMAT = "dwarf-with-dsym";
				ENABLE_NS_ASSERTIONS = NO;
				ENABLE_STRICT_OBJC_MSGSEND = YES;
				ENABLE_USER_SCRIPT_SANDBOXING = YES;
				GCC_C_LANGUAGE_STANDARD = gnu17;
				GCC_NO_COMMON_BLOCKS = YES;
				GCC_WARN_64_TO_32_BIT_CONVERSION = YES;
				GCC_WARN_ABOUT_RETURN_TYPE = YES_ERROR;
				GCC_WARN_UNDECLARED_SELECTOR = YES;
				GCC_WARN_UNINITIALIZED_AUTOS = YES_AGGRESSIVE;
				GCC_WARN_UNUSED_FUNCTION = YES;
				GCC_WARN_UNUSED_VARIABLE = YES;
				IPHONEOS_DEPLOYMENT_TARGET = 16.0;
				LOCALIZATION_PREFERS_STRING_CATALOGS = YES;
				MTL_ENABLE_DEBUG_INFO = NO;
				MTL_FAST_MATH = YES;
				SDKROOT = iphoneos;
				SWIFT_COMPILATION_MODE = wholemodule;
				VALIDATE_PRODUCT = YES;
			};
			name = Release;
		};
		3847837F2AFBED9D00D2C231 /* Debug */ = {
			isa = XCBuildConfiguration;
			buildSettings = {
				ASSETCATALOG_COMPILER_APPICON_NAME = AppIcon;
				ASSETCATALOG_COMPILER_GLOBAL_ACCENT_COLOR_NAME = AccentColor;
				CODE_SIGN_STYLE = Automatic;
				CURRENT_PROJECT_VERSION = 1;
				GENERATE_INFOPLIST_FILE = YES;
				INFOPLIST_FILE = FruitOrderApp/Info.plist;
				INFOPLIST_KEY_UIApplicationSupportsIndirectInputEvents = YES;
				INFOPLIST_KEY_UILaunchStoryboardName = LaunchScreen;
				INFOPLIST_KEY_UISupportedInterfaceOrientations_iPad = "UIInterfaceOrientationPortrait UIInterfaceOrientationPortraitUpsideDown UIInterfaceOrientationLandscapeLeft UIInterfaceOrientationLandscapeRight";
				INFOPLIST_KEY_UISupportedInterfaceOrientations_iPhone = "UIInterfaceOrientationPortrait UIInterfaceOrientationLandscapeLeft UIInterfaceOrientationLandscapeRight";
				LD_RUNPATH_SEARCH_PATHS = (
					"$(inherited)",
					"@executable_path/Frameworks",
				);
				MARKETING_VERSION = 1.0;
				PRODUCT_BUNDLE_IDENTIFIER = com.ilaha.FruitOrderApp;
				PRODUCT_NAME = "$(TARGET_NAME)";
				SWIFT_EMIT_LOC_STRINGS = YES;
				SWIFT_VERSION = 5.0;
				TARGETED_DEVICE_FAMILY = "1,2";
			};
			name = Debug;
		};
		384783802AFBED9D00D2C231 /* Release */ = {
			isa = XCBuildConfiguration;
			buildSettings = {
				ASSETCATALOG_COMPILER_APPICON_NAME = AppIcon;
				ASSETCATALOG_COMPILER_GLOBAL_ACCENT_COLOR_NAME = AccentColor;
				CODE_SIGN_STYLE = Automatic;
				CURRENT_PROJECT_VERSION = 1;
				GENERATE_INFOPLIST_FILE = YES;
				INFOPLIST_FILE = FruitOrderApp/Info.plist;
				INFOPLIST_KEY_UIApplicationSupportsIndirectInputEvents = YES;
				INFOPLIST_KEY_UILaunchStoryboardName = LaunchScreen;
				INFOPLIST_KEY_UISupportedInterfaceOrientations_iPad = "UIInterfaceOrientationPortrait UIInterfaceOrientationPortraitUpsideDown UIInterfaceOrientationLandscapeLeft UIInterfaceOrientationLandscapeRight";
				INFOPLIST_KEY_UISupportedInterfaceOrientations_iPhone = "UIInterfaceOrientationPortrait UIInterfaceOrientationLandscapeLeft UIInterfaceOrientationLandscapeRight";
				LD_RUNPATH_SEARCH_PATHS = (
					"$(inherited)",
					"@executable_path/Frameworks",
				);
				MARKETING_VERSION = 1.0;
				PRODUCT_BUNDLE_IDENTIFIER = com.ilaha.FruitOrderApp;
				PRODUCT_NAME = "$(TARGET_NAME)";
				SWIFT_EMIT_LOC_STRINGS = YES;
				SWIFT_VERSION = 5.0;
				TARGETED_DEVICE_FAMILY = "1,2";
			};
			name = Release;
		};
/* End XCBuildConfiguration section */

/* Begin XCConfigurationList section */
		384783622AFBED9C00D2C231 /* Build configuration list for PBXProject "FruitOrderApp" */ = {
			isa = XCConfigurationList;
			buildConfigurations = (
				3847837C2AFBED9D00D2C231 /* Debug */,
				3847837D2AFBED9D00D2C231 /* Release */,
			);
			defaultConfigurationIsVisible = 0;
			defaultConfigurationName = Release;
		};
		3847837E2AFBED9D00D2C231 /* Build configuration list for PBXNativeTarget "FruitOrderApp" */ = {
			isa = XCConfigurationList;
			buildConfigurations = (
				3847837F2AFBED9D00D2C231 /* Debug */,
				384783802AFBED9D00D2C231 /* Release */,
			);
			defaultConfigurationIsVisible = 0;
			defaultConfigurationName = Release;
		};
/* End XCConfigurationList section */

/* Begin XCRemoteSwiftPackageReference section */
		384783922AFE7EFB00D2C231 /* XCRemoteSwiftPackageReference "SnapKit" */ = {
			isa = XCRemoteSwiftPackageReference;
			repositoryURL = "https://github.com/SnapKit/SnapKit.git";
			requirement = {
				kind = upToNextMajorVersion;
				minimumVersion = 5.6.0;
			};
		};
/* End XCRemoteSwiftPackageReference section */

/* Begin XCSwiftPackageProductDependency section */
		384783932AFE7EFB00D2C231 /* SnapKit */ = {
			isa = XCSwiftPackageProductDependency;
			package = 384783922AFE7EFB00D2C231 /* XCRemoteSwiftPackageReference "SnapKit" */;
			productName = SnapKit;
		};
		384783952AFE7EFB00D2C231 /* SnapKit-Dynamic */ = {
			isa = XCSwiftPackageProductDependency;
			package = 384783922AFE7EFB00D2C231 /* XCRemoteSwiftPackageReference "SnapKit" */;
			productName = "SnapKit-Dynamic";
		};
/* End XCSwiftPackageProductDependency section */

/* Begin XCVersionGroup section */
		384783732AFBED9C00D2C231 /* FruitOrderApp.xcdatamodeld */ = {
			isa = XCVersionGroup;
			children = (
				384783742AFBED9C00D2C231 /* FruitOrderApp.xcdatamodel */,
			);
			currentVersion = 384783742AFBED9C00D2C231 /* FruitOrderApp.xcdatamodel */;
			path = FruitOrderApp.xcdatamodeld;
			sourceTree = "<group>";
			versionGroupType = wrapper.xcdatamodel;
		};
/* End XCVersionGroup section */
	};
	rootObject = 3847835F2AFBED9C00D2C231 /* Project object */;
}
